
Microsoft Visual Studio Solution File, Format Version 12.00
# Visual Studio Version 17
VisualStudioVersion = 17.7.34031.279
MinimumVisualStudioVersion = 10.0.40219.1
Project("{FAE04EC0-301F-11D3-BF4B-00C04F79EFBC}") = "Conta", "Conta\Conta.csproj", "{265BBEBD-3283-448E-BB75-76D82BA42A05}"
EndProject
Global
	GlobalSection(SolutionConfigurationPlatforms) = preSolution
		Debug|Any CPU = Debug|Any CPU
		Release|Any CPU = Release|Any CPU
	EndGlobalSection
	GlobalSection(ProjectConfigurationPlatforms) = postSolution
		{265BBEBD-3283-448E-BB75-76D82BA42A05}.Debug|Any CPU.ActiveCfg = Debug|Any CPU
		{265BBEBD-3283-448E-BB75-76D82BA42A05}.Debug|Any CPU.Build.0 = Debug|Any CPU
		{265BBEBD-3283-448E-BB75-76D82BA42A05}.Release|Any CPU.ActiveCfg = Release|Any CPU
		{265BBEBD-3283-448E-BB75-76D82BA42A05}.Release|Any CPU.Build.0 = Release|Any CPU
	EndGlobalSection
	GlobalSection(SolutionProperties) = preSolution
		HideSolutionNode = FALSE
	EndGlobalSection
	GlobalSection(ExtensibilityGlobals) = postSolution
		SolutionGuid = {B42DD6CA-8BA5-4B30-BCD3-29173DE9A5CD}
	EndGlobalSection
EndGlobal
